
Microsoft Visual Studio Solution File, Format Version 12.00
# Visual Studio Version 16
VisualStudioVersion = 16.0.30717.126
MinimumVisualStudioVersion = 10.0.40219.1
Project("{FAE04EC0-301F-11D3-BF4B-00C04F79EFBC}") = "Leetcode2021-July-CSharp", "Leetcode2021-July-CSharp.csproj", "{5EF6E922-5399-40F6-BD69-BD5A83EC1442}"
EndProject
Global
	GlobalSection(SolutionConfigurationPlatforms) = preSolution
		Debug|Any CPU = Debug|Any CPU
		Release|Any CPU = Release|Any CPU
	EndGlobalSection
	GlobalSection(ProjectConfigurationPlatforms) = postSolution
		{5EF6E922-5399-40F6-BD69-BD5A83EC1442}.Debug|Any CPU.ActiveCfg = Debug|Any CPU
		{5EF6E922-5399-40F6-BD69-BD5A83EC1442}.Debug|Any CPU.Build.0 = Debug|Any CPU
		{5EF6E922-5399-40F6-BD69-BD5A83EC1442}.Release|Any CPU.ActiveCfg = Release|Any CPU
		{5EF6E922-5399-40F6-BD69-BD5A83EC1442}.Release|Any CPU.Build.0 = Release|Any CPU
	EndGlobalSection
	GlobalSection(SolutionProperties) = preSolution
		HideSolutionNode = FALSE
	EndGlobalSection
	GlobalSection(ExtensibilityGlobals) = postSolution
		SolutionGuid = {EE1210A7-0E5A-4C3A-9EDB-5DC88C2DAAC0}
	EndGlobalSection
EndGlobal
